
Microsoft Visual Studio Solution File, Format Version 12.00
# Visual Studio Version 17
VisualStudioVersion = 17.8.34309.116
MinimumVisualStudioVersion = 10.0.40219.1
Project("{9A19103F-16F7-4668-BE54-9A1E7A4F7556}") = "mymooo.k3cloud", "mymooo.k3cloud\mymooo.k3cloud.csproj", "{BEA24E44-F5BB-4773-ADB9-11DFC9A5F02E}"
EndProject
Project("{9A19103F-16F7-4668-BE54-9A1E7A4F7556}") = "mymooo.k3cloud.core", "mymooo.k3cloud.core\mymooo.k3cloud.core.csproj", "{0D0FA57C-BECF-4CBC-AED6-2A631651F30B}"
EndProject
Project("{9A19103F-16F7-4668-BE54-9A1E7A4F7556}") = "mymooo.k3cloud.business", "mymooo.k3cloud.business\mymooo.k3cloud.business.csproj", "{E013B3EF-A7CF-4C04-B8B4-6105FE447B61}"
EndProject
Project("{9A19103F-16F7-4668-BE54-9A1E7A4F7556}") = "mymooo.k3cloud.SDK", "mymooo.k3cloud.SDK\mymooo.k3cloud.SDK.csproj", "{DEFFFA7D-77CB-4F2B-8EDF-963FB5C4E7D2}"
EndProject
Global
	GlobalSection(SolutionConfigurationPlatforms) = preSolution
		Debug|Any CPU = Debug|Any CPU
		Release|Any CPU = Release|Any CPU
	EndGlobalSection
	GlobalSection(ProjectConfigurationPlatforms) = postSolution
		{BEA24E44-F5BB-4773-ADB9-11DFC9A5F02E}.Debug|Any CPU.ActiveCfg = Debug|Any CPU
		{BEA24E44-F5BB-4773-ADB9-11DFC9A5F02E}.Debug|Any CPU.Build.0 = Debug|Any CPU
		{BEA24E44-F5BB-4773-ADB9-11DFC9A5F02E}.Release|Any CPU.ActiveCfg = Release|Any CPU
		{BEA24E44-F5BB-4773-ADB9-11DFC9A5F02E}.Release|Any CPU.Build.0 = Release|Any CPU
		{0D0FA57C-BECF-4CBC-AED6-2A631651F30B}.Debug|Any CPU.ActiveCfg = Debug|Any CPU
		{0D0FA57C-BECF-4CBC-AED6-2A631651F30B}.Debug|Any CPU.Build.0 = Debug|Any CPU
		{0D0FA57C-BECF-4CBC-AED6-2A631651F30B}.Release|Any CPU.ActiveCfg = Release|Any CPU
		{0D0FA57C-BECF-4CBC-AED6-2A631651F30B}.Release|Any CPU.Build.0 = Release|Any CPU
		{E013B3EF-A7CF-4C04-B8B4-6105FE447B61}.Debug|Any CPU.ActiveCfg = Debug|Any CPU
		{E013B3EF-A7CF-4C04-B8B4-6105FE447B61}.Debug|Any CPU.Build.0 = Debug|Any CPU
		{E013B3EF-A7CF-4C04-B8B4-6105FE447B61}.Release|Any CPU.ActiveCfg = Release|Any CPU
		{E013B3EF-A7CF-4C04-B8B4-6105FE447B61}.Release|Any CPU.Build.0 = Release|Any CPU
		{DEFFFA7D-77CB-4F2B-8EDF-963FB5C4E7D2}.Debug|Any CPU.ActiveCfg = Debug|Any CPU
		{DEFFFA7D-77CB-4F2B-8EDF-963FB5C4E7D2}.Debug|Any CPU.Build.0 = Debug|Any CPU
		{DEFFFA7D-77CB-4F2B-8EDF-963FB5C4E7D2}.Release|Any CPU.ActiveCfg = Release|Any CPU
		{DEFFFA7D-77CB-4F2B-8EDF-963FB5C4E7D2}.Release|Any CPU.Build.0 = Release|Any CPU
	EndGlobalSection
	GlobalSection(SolutionProperties) = preSolution
		HideSolutionNode = FALSE
	EndGlobalSection
	GlobalSection(ExtensibilityGlobals) = postSolution
		SolutionGuid = {20C6F486-8F65-4892-9476-58C0E6EFC68D}
	EndGlobalSection
EndGlobal
